
Microsoft Visual Studio Solution File, Format Version 12.00
Project("{FAE04EC0-301F-11D3-BF4B-00C04F79EFBC}") = "test", "test\test.csproj", "{79176C4B-95F6-4D9D-996D-3CEEEF0A0C22}"
EndProject
Global
	GlobalSection(SolutionConfigurationPlatforms) = preSolution
		Debug|Any CPU = Debug|Any CPU
		Release|Any CPU = Release|Any CPU
	EndGlobalSection
	GlobalSection(ProjectConfigurationPlatforms) = postSolution
		{79176C4B-95F6-4D9D-996D-3CEEEF0A0C22}.Debug|Any CPU.ActiveCfg = Debug|Any CPU
		{79176C4B-95F6-4D9D-996D-3CEEEF0A0C22}.Debug|Any CPU.Build.0 = Debug|Any CPU
		{79176C4B-95F6-4D9D-996D-3CEEEF0A0C22}.Release|Any CPU.ActiveCfg = Release|Any CPU
		{79176C4B-95F6-4D9D-996D-3CEEEF0A0C22}.Release|Any CPU.Build.0 = Release|Any CPU
	EndGlobalSection
EndGlobal
